
Microsoft Visual Studio Solution File, Format Version 12.00
# Visual Studio Version 16
VisualStudioVersion = 16.0.30717.126
MinimumVisualStudioVersion = 10.0.40219.1
Project("{FAE04EC0-301F-11D3-BF4B-00C04F79EFBC}") = "Project Sonos", "Project Sonos\Project Sonos.csproj", "{F37B573F-998D-47A9-A008-6B1761D4D818}"
EndProject
Global
	GlobalSection(SolutionConfigurationPlatforms) = preSolution
		Debug|Any CPU = Debug|Any CPU
		Release|Any CPU = Release|Any CPU
	EndGlobalSection
	GlobalSection(ProjectConfigurationPlatforms) = postSolution
		{F37B573F-998D-47A9-A008-6B1761D4D818}.Debug|Any CPU.ActiveCfg = Debug|Any CPU
		{F37B573F-998D-47A9-A008-6B1761D4D818}.Debug|Any CPU.Build.0 = Debug|Any CPU
		{F37B573F-998D-47A9-A008-6B1761D4D818}.Release|Any CPU.ActiveCfg = Release|Any CPU
		{F37B573F-998D-47A9-A008-6B1761D4D818}.Release|Any CPU.Build.0 = Release|Any CPU
	EndGlobalSection
	GlobalSection(SolutionProperties) = preSolution
		HideSolutionNode = FALSE
	EndGlobalSection
	GlobalSection(ExtensibilityGlobals) = postSolution
		SolutionGuid = {F3EC90E7-2F46-4A1D-AF00-525C30310F93}
	EndGlobalSection
EndGlobal
